
Microsoft Visual Studio Solution File, Format Version 12.00
# Visual Studio Version 17
Project("{8BC9CEB8-8B4A-11D0-8D11-00A0C91BC942}") = "ALL_BUILD", "ALL_BUILD.vcxproj", "{8E290924-3287-3180-93B3-7395C0FFB502}"
	ProjectSection(ProjectDependencies) = postProject
		{1970B5DD-8728-391B-9D4A-29FE1CC76AE2} = {1970B5DD-8728-391B-9D4A-29FE1CC76AE2}
		{6EE5E680-FF2E-3E69-8715-0F1D95EB366E} = {6EE5E680-FF2E-3E69-8715-0F1D95EB366E}
		{73EBDA60-BE59-3560-BF1B-9D796CAE4F52} = {73EBDA60-BE59-3560-BF1B-9D796CAE4F52}
		{3C72301A-4235-313D-B2BC-F6E641DCB030} = {3C72301A-4235-313D-B2BC-F6E641DCB030}
		{7164CAB4-1C76-3279-A026-CC8994DEAB1D} = {7164CAB4-1C76-3279-A026-CC8994DEAB1D}
		{CAC397D9-B40C-33D0-89FB-ECB01D9E1099} = {CAC397D9-B40C-33D0-89FB-ECB01D9E1099}
	EndProjectSection
EndProject
Project("{8BC9CEB8-8B4A-11D0-8D11-00A0C91BC942}") = "INSTALL", "INSTALL.vcxproj", "{9FB08A33-77A5-31A4-9071-D049936E0B0E}"
	ProjectSection(ProjectDependencies) = postProject
		{8E290924-3287-3180-93B3-7395C0FFB502} = {8E290924-3287-3180-93B3-7395C0FFB502}
		{1970B5DD-8728-391B-9D4A-29FE1CC76AE2} = {1970B5DD-8728-391B-9D4A-29FE1CC76AE2}
	EndProjectSection
EndProject
Project("{8BC9CEB8-8B4A-11D0-8D11-00A0C91BC942}") = "ZERO_CHECK", "ZERO_CHECK.vcxproj", "{1970B5DD-8728-391B-9D4A-29FE1CC76AE2}"
	ProjectSection(ProjectDependencies) = postProject
	EndProjectSection
EndProject
Project("{8BC9CEB8-8B4A-11D0-8D11-00A0C91BC942}") = "arc_run", "arc_run.vcxproj", "{6EE5E680-FF2E-3E69-8715-0F1D95EB366E}"
	ProjectSection(ProjectDependencies) = postProject
		{1970B5DD-8728-391B-9D4A-29FE1CC76AE2} = {1970B5DD-8728-391B-9D4A-29FE1CC76AE2}
	EndProjectSection
EndProject
Project("{8BC9CEB8-8B4A-11D0-8D11-00A0C91BC942}") = "arc_train", "arc_train.vcxproj", "{73EBDA60-BE59-3560-BF1B-9D796CAE4F52}"
	ProjectSection(ProjectDependencies) = postProject
		{1970B5DD-8728-391B-9D4A-29FE1CC76AE2} = {1970B5DD-8728-391B-9D4A-29FE1CC76AE2}
	EndProjectSection
EndProject
Project("{8BC9CEB8-8B4A-11D0-8D11-00A0C91BC942}") = "lightwatch_run", "lightwatch_run.vcxproj", "{3C72301A-4235-313D-B2BC-F6E641DCB030}"
	ProjectSection(ProjectDependencies) = postProject
		{1970B5DD-8728-391B-9D4A-29FE1CC76AE2} = {1970B5DD-8728-391B-9D4A-29FE1CC76AE2}
	EndProjectSection
EndProject
Project("{8BC9CEB8-8B4A-11D0-8D11-00A0C91BC942}") = "lightwatch_train", "lightwatch_train.vcxproj", "{7164CAB4-1C76-3279-A026-CC8994DEAB1D}"
	ProjectSection(ProjectDependencies) = postProject
		{1970B5DD-8728-391B-9D4A-29FE1CC76AE2} = {1970B5DD-8728-391B-9D4A-29FE1CC76AE2}
	EndProjectSection
EndProject
Project("{8BC9CEB8-8B4A-11D0-8D11-00A0C91BC942}") = "simple_cuda_test", "simple_cuda_test.vcxproj", "{CAC397D9-B40C-33D0-89FB-ECB01D9E1099}"
	ProjectSection(ProjectDependencies) = postProject
		{1970B5DD-8728-391B-9D4A-29FE1CC76AE2} = {1970B5DD-8728-391B-9D4A-29FE1CC76AE2}
	EndProjectSection
EndProject
Global
	GlobalSection(SolutionConfigurationPlatforms) = preSolution
		Debug|x64 = Debug|x64
		Release|x64 = Release|x64
		MinSizeRel|x64 = MinSizeRel|x64
		RelWithDebInfo|x64 = RelWithDebInfo|x64
	EndGlobalSection
	GlobalSection(ProjectConfigurationPlatforms) = postSolution
		{8E290924-3287-3180-93B3-7395C0FFB502}.Debug|x64.ActiveCfg = Debug|x64
		{8E290924-3287-3180-93B3-7395C0FFB502}.Debug|x64.Build.0 = Debug|x64
		{8E290924-3287-3180-93B3-7395C0FFB502}.Release|x64.ActiveCfg = Release|x64
		{8E290924-3287-3180-93B3-7395C0FFB502}.Release|x64.Build.0 = Release|x64
		{8E290924-3287-3180-93B3-7395C0FFB502}.MinSizeRel|x64.ActiveCfg = MinSizeRel|x64
		{8E290924-3287-3180-93B3-7395C0FFB502}.MinSizeRel|x64.Build.0 = MinSizeRel|x64
		{8E290924-3287-3180-93B3-7395C0FFB502}.RelWithDebInfo|x64.ActiveCfg = RelWithDebInfo|x64
		{8E290924-3287-3180-93B3-7395C0FFB502}.RelWithDebInfo|x64.Build.0 = RelWithDebInfo|x64
		{9FB08A33-77A5-31A4-9071-D049936E0B0E}.Debug|x64.ActiveCfg = Debug|x64
		{9FB08A33-77A5-31A4-9071-D049936E0B0E}.Release|x64.ActiveCfg = Release|x64
		{9FB08A33-77A5-31A4-9071-D049936E0B0E}.MinSizeRel|x64.ActiveCfg = MinSizeRel|x64
		{9FB08A33-77A5-31A4-9071-D049936E0B0E}.RelWithDebInfo|x64.ActiveCfg = RelWithDebInfo|x64
		{1970B5DD-8728-391B-9D4A-29FE1CC76AE2}.Debug|x64.ActiveCfg = Debug|x64
		{1970B5DD-8728-391B-9D4A-29FE1CC76AE2}.Debug|x64.Build.0 = Debug|x64
		{1970B5DD-8728-391B-9D4A-29FE1CC76AE2}.Release|x64.ActiveCfg = Release|x64
		{1970B5DD-8728-391B-9D4A-29FE1CC76AE2}.Release|x64.Build.0 = Release|x64
		{1970B5DD-8728-391B-9D4A-29FE1CC76AE2}.MinSizeRel|x64.ActiveCfg = MinSizeRel|x64
		{1970B5DD-8728-391B-9D4A-29FE1CC76AE2}.MinSizeRel|x64.Build.0 = MinSizeRel|x64
		{1970B5DD-8728-391B-9D4A-29FE1CC76AE2}.RelWithDebInfo|x64.ActiveCfg = RelWithDebInfo|x64
		{1970B5DD-8728-391B-9D4A-29FE1CC76AE2}.RelWithDebInfo|x64.Build.0 = RelWithDebInfo|x64
		{6EE5E680-FF2E-3E69-8715-0F1D95EB366E}.Debug|x64.ActiveCfg = Debug|x64
		{6EE5E680-FF2E-3E69-8715-0F1D95EB366E}.Debug|x64.Build.0 = Debug|x64
		{6EE5E680-FF2E-3E69-8715-0F1D95EB366E}.Release|x64.ActiveCfg = Release|x64
		{6EE5E680-FF2E-3E69-8715-0F1D95EB366E}.Release|x64.Build.0 = Release|x64
		{6EE5E680-FF2E-3E69-8715-0F1D95EB366E}.MinSizeRel|x64.ActiveCfg = MinSizeRel|x64
		{6EE5E680-FF2E-3E69-8715-0F1D95EB366E}.MinSizeRel|x64.Build.0 = MinSizeRel|x64
		{6EE5E680-FF2E-3E69-8715-0F1D95EB366E}.RelWithDebInfo|x64.ActiveCfg = RelWithDebInfo|x64
		{6EE5E680-FF2E-3E69-8715-0F1D95EB366E}.RelWithDebInfo|x64.Build.0 = RelWithDebInfo|x64
		{73EBDA60-BE59-3560-BF1B-9D796CAE4F52}.Debug|x64.ActiveCfg = Debug|x64
		{73EBDA60-BE59-3560-BF1B-9D796CAE4F52}.Debug|x64.Build.0 = Debug|x64
		{73EBDA60-BE59-3560-BF1B-9D796CAE4F52}.Release|x64.ActiveCfg = Release|x64
		{73EBDA60-BE59-3560-BF1B-9D796CAE4F52}.Release|x64.Build.0 = Release|x64
		{73EBDA60-BE59-3560-BF1B-9D796CAE4F52}.MinSizeRel|x64.ActiveCfg = MinSizeRel|x64
		{73EBDA60-BE59-3560-BF1B-9D796CAE4F52}.MinSizeRel|x64.Build.0 = MinSizeRel|x64
		{73EBDA60-BE59-3560-BF1B-9D796CAE4F52}.RelWithDebInfo|x64.ActiveCfg = RelWithDebInfo|x64
		{73EBDA60-BE59-3560-BF1B-9D796CAE4F52}.RelWithDebInfo|x64.Build.0 = RelWithDebInfo|x64
		{3C72301A-4235-313D-B2BC-F6E641DCB030}.Debug|x64.ActiveCfg = Debug|x64
		{3C72301A-4235-313D-B2BC-F6E641DCB030}.Debug|x64.Build.0 = Debug|x64
		{3C72301A-4235-313D-B2BC-F6E641DCB030}.Release|x64.ActiveCfg = Release|x64
		{3C72301A-4235-313D-B2BC-F6E641DCB030}.Release|x64.Build.0 = Release|x64
		{3C72301A-4235-313D-B2BC-F6E641DCB030}.MinSizeRel|x64.ActiveCfg = MinSizeRel|x64
		{3C72301A-4235-313D-B2BC-F6E641DCB030}.MinSizeRel|x64.Build.0 = MinSizeRel|x64
		{3C72301A-4235-313D-B2BC-F6E641DCB030}.RelWithDebInfo|x64.ActiveCfg = RelWithDebInfo|x64
		{3C72301A-4235-313D-B2BC-F6E641DCB030}.RelWithDebInfo|x64.Build.0 = RelWithDebInfo|x64
		{7164CAB4-1C76-3279-A026-CC8994DEAB1D}.Debug|x64.ActiveCfg = Debug|x64
		{7164CAB4-1C76-3279-A026-CC8994DEAB1D}.Debug|x64.Build.0 = Debug|x64
		{7164CAB4-1C76-3279-A026-CC8994DEAB1D}.Release|x64.ActiveCfg = Release|x64
		{7164CAB4-1C76-3279-A026-CC8994DEAB1D}.Release|x64.Build.0 = Release|x64
		{7164CAB4-1C76-3279-A026-CC8994DEAB1D}.MinSizeRel|x64.ActiveCfg = MinSizeRel|x64
		{7164CAB4-1C76-3279-A026-CC8994DEAB1D}.MinSizeRel|x64.Build.0 = MinSizeRel|x64
		{7164CAB4-1C76-3279-A026-CC8994DEAB1D}.RelWithDebInfo|x64.ActiveCfg = RelWithDebInfo|x64
		{7164CAB4-1C76-3279-A026-CC8994DEAB1D}.RelWithDebInfo|x64.Build.0 = RelWithDebInfo|x64
		{CAC397D9-B40C-33D0-89FB-ECB01D9E1099}.Debug|x64.ActiveCfg = Debug|x64
		{CAC397D9-B40C-33D0-89FB-ECB01D9E1099}.Debug|x64.Build.0 = Debug|x64
		{CAC397D9-B40C-33D0-89FB-ECB01D9E1099}.Release|x64.ActiveCfg = Release|x64
		{CAC397D9-B40C-33D0-89FB-ECB01D9E1099}.Release|x64.Build.0 = Release|x64
		{CAC397D9-B40C-33D0-89FB-ECB01D9E1099}.MinSizeRel|x64.ActiveCfg = MinSizeRel|x64
		{CAC397D9-B40C-33D0-89FB-ECB01D9E1099}.MinSizeRel|x64.Build.0 = MinSizeRel|x64
		{CAC397D9-B40C-33D0-89FB-ECB01D9E1099}.RelWithDebInfo|x64.ActiveCfg = RelWithDebInfo|x64
		{CAC397D9-B40C-33D0-89FB-ECB01D9E1099}.RelWithDebInfo|x64.Build.0 = RelWithDebInfo|x64
	EndGlobalSection
	GlobalSection(ExtensibilityGlobals) = postSolution
		SolutionGuid = {1BDC7A55-8042-376A-817E-2E206CA3942E}
	EndGlobalSection
	GlobalSection(ExtensibilityAddIns) = postSolution
	EndGlobalSection
EndGlobal
