
Microsoft Visual Studio Solution File, Format Version 12.00
# Visual Studio Version 17
Project("{8BC9CEB8-8B4A-11D0-8D11-00A0C91BC942}") = "ALL_BUILD", "ALL_BUILD.vcxproj", "{6F74716B-D35D-35AF-956E-A9A5464E329B}"
	ProjectSection(ProjectDependencies) = postProject
		{E1D0514A-6480-374A-9602-3F9B120C36D0} = {E1D0514A-6480-374A-9602-3F9B120C36D0}
		{112E791F-195A-3DB1-ADBF-59FE04CBFE4F} = {112E791F-195A-3DB1-ADBF-59FE04CBFE4F}
		{7AA0861A-97DB-3D3D-8689-9ED7DA530E5A} = {7AA0861A-97DB-3D3D-8689-9ED7DA530E5A}
	EndProjectSection
EndProject
Project("{8BC9CEB8-8B4A-11D0-8D11-00A0C91BC942}") = "INSTALL", "INSTALL.vcxproj", "{3AA5F7AB-A222-353C-A292-AFB99D41B4F9}"
	ProjectSection(ProjectDependencies) = postProject
		{6F74716B-D35D-35AF-956E-A9A5464E329B} = {6F74716B-D35D-35AF-956E-A9A5464E329B}
		{E1D0514A-6480-374A-9602-3F9B120C36D0} = {E1D0514A-6480-374A-9602-3F9B120C36D0}
	EndProjectSection
EndProject
Project("{8BC9CEB8-8B4A-11D0-8D11-00A0C91BC942}") = "ZERO_CHECK", "ZERO_CHECK.vcxproj", "{E1D0514A-6480-374A-9602-3F9B120C36D0}"
	ProjectSection(ProjectDependencies) = postProject
	EndProjectSection
EndProject
Project("{8BC9CEB8-8B4A-11D0-8D11-00A0C91BC942}") = "arc_run", "arc_run.vcxproj", "{112E791F-195A-3DB1-ADBF-59FE04CBFE4F}"
	ProjectSection(ProjectDependencies) = postProject
		{E1D0514A-6480-374A-9602-3F9B120C36D0} = {E1D0514A-6480-374A-9602-3F9B120C36D0}
	EndProjectSection
EndProject
Project("{8BC9CEB8-8B4A-11D0-8D11-00A0C91BC942}") = "arc_train", "arc_train.vcxproj", "{7AA0861A-97DB-3D3D-8689-9ED7DA530E5A}"
	ProjectSection(ProjectDependencies) = postProject
		{E1D0514A-6480-374A-9602-3F9B120C36D0} = {E1D0514A-6480-374A-9602-3F9B120C36D0}
	EndProjectSection
EndProject
Global
	GlobalSection(SolutionConfigurationPlatforms) = preSolution
		Debug|x64 = Debug|x64
		Release|x64 = Release|x64
		MinSizeRel|x64 = MinSizeRel|x64
		RelWithDebInfo|x64 = RelWithDebInfo|x64
	EndGlobalSection
	GlobalSection(ProjectConfigurationPlatforms) = postSolution
		{6F74716B-D35D-35AF-956E-A9A5464E329B}.Debug|x64.ActiveCfg = Debug|x64
		{6F74716B-D35D-35AF-956E-A9A5464E329B}.Debug|x64.Build.0 = Debug|x64
		{6F74716B-D35D-35AF-956E-A9A5464E329B}.Release|x64.ActiveCfg = Release|x64
		{6F74716B-D35D-35AF-956E-A9A5464E329B}.Release|x64.Build.0 = Release|x64
		{6F74716B-D35D-35AF-956E-A9A5464E329B}.MinSizeRel|x64.ActiveCfg = MinSizeRel|x64
		{6F74716B-D35D-35AF-956E-A9A5464E329B}.MinSizeRel|x64.Build.0 = MinSizeRel|x64
		{6F74716B-D35D-35AF-956E-A9A5464E329B}.RelWithDebInfo|x64.ActiveCfg = RelWithDebInfo|x64
		{6F74716B-D35D-35AF-956E-A9A5464E329B}.RelWithDebInfo|x64.Build.0 = RelWithDebInfo|x64
		{3AA5F7AB-A222-353C-A292-AFB99D41B4F9}.Debug|x64.ActiveCfg = Debug|x64
		{3AA5F7AB-A222-353C-A292-AFB99D41B4F9}.Release|x64.ActiveCfg = Release|x64
		{3AA5F7AB-A222-353C-A292-AFB99D41B4F9}.MinSizeRel|x64.ActiveCfg = MinSizeRel|x64
		{3AA5F7AB-A222-353C-A292-AFB99D41B4F9}.RelWithDebInfo|x64.ActiveCfg = RelWithDebInfo|x64
		{E1D0514A-6480-374A-9602-3F9B120C36D0}.Debug|x64.ActiveCfg = Debug|x64
		{E1D0514A-6480-374A-9602-3F9B120C36D0}.Debug|x64.Build.0 = Debug|x64
		{E1D0514A-6480-374A-9602-3F9B120C36D0}.Release|x64.ActiveCfg = Release|x64
		{E1D0514A-6480-374A-9602-3F9B120C36D0}.Release|x64.Build.0 = Release|x64
		{E1D0514A-6480-374A-9602-3F9B120C36D0}.MinSizeRel|x64.ActiveCfg = MinSizeRel|x64
		{E1D0514A-6480-374A-9602-3F9B120C36D0}.MinSizeRel|x64.Build.0 = MinSizeRel|x64
		{E1D0514A-6480-374A-9602-3F9B120C36D0}.RelWithDebInfo|x64.ActiveCfg = RelWithDebInfo|x64
		{E1D0514A-6480-374A-9602-3F9B120C36D0}.RelWithDebInfo|x64.Build.0 = RelWithDebInfo|x64
		{112E791F-195A-3DB1-ADBF-59FE04CBFE4F}.Debug|x64.ActiveCfg = Debug|x64
		{112E791F-195A-3DB1-ADBF-59FE04CBFE4F}.Debug|x64.Build.0 = Debug|x64
		{112E791F-195A-3DB1-ADBF-59FE04CBFE4F}.Release|x64.ActiveCfg = Release|x64
		{112E791F-195A-3DB1-ADBF-59FE04CBFE4F}.Release|x64.Build.0 = Release|x64
		{112E791F-195A-3DB1-ADBF-59FE04CBFE4F}.MinSizeRel|x64.ActiveCfg = MinSizeRel|x64
		{112E791F-195A-3DB1-ADBF-59FE04CBFE4F}.MinSizeRel|x64.Build.0 = MinSizeRel|x64
		{112E791F-195A-3DB1-ADBF-59FE04CBFE4F}.RelWithDebInfo|x64.ActiveCfg = RelWithDebInfo|x64
		{112E791F-195A-3DB1-ADBF-59FE04CBFE4F}.RelWithDebInfo|x64.Build.0 = RelWithDebInfo|x64
		{7AA0861A-97DB-3D3D-8689-9ED7DA530E5A}.Debug|x64.ActiveCfg = Debug|x64
		{7AA0861A-97DB-3D3D-8689-9ED7DA530E5A}.Debug|x64.Build.0 = Debug|x64
		{7AA0861A-97DB-3D3D-8689-9ED7DA530E5A}.Release|x64.ActiveCfg = Release|x64
		{7AA0861A-97DB-3D3D-8689-9ED7DA530E5A}.Release|x64.Build.0 = Release|x64
		{7AA0861A-97DB-3D3D-8689-9ED7DA530E5A}.MinSizeRel|x64.ActiveCfg = MinSizeRel|x64
		{7AA0861A-97DB-3D3D-8689-9ED7DA530E5A}.MinSizeRel|x64.Build.0 = MinSizeRel|x64
		{7AA0861A-97DB-3D3D-8689-9ED7DA530E5A}.RelWithDebInfo|x64.ActiveCfg = RelWithDebInfo|x64
		{7AA0861A-97DB-3D3D-8689-9ED7DA530E5A}.RelWithDebInfo|x64.Build.0 = RelWithDebInfo|x64
	EndGlobalSection
	GlobalSection(ExtensibilityGlobals) = postSolution
		SolutionGuid = {F133EAB5-8AF6-3D15-BCF1-68D3A7B10561}
	EndGlobalSection
	GlobalSection(ExtensibilityAddIns) = postSolution
	EndGlobalSection
EndGlobal
