
Microsoft Visual Studio Solution File, Format Version 12.00
# Visual Studio Version 17
Project("{8BC9CEB8-8B4A-11D0-8D11-00A0C91BC942}") = "ALL_BUILD", "ALL_BUILD.vcxproj", "{F8ED5A64-34D2-3E6E-9A16-C2ABD60BE7B9}"
	ProjectSection(ProjectDependencies) = postProject
		{234A5ADC-A38C-36AA-B5E4-77CC1E01D406} = {234A5ADC-A38C-36AA-B5E4-77CC1E01D406}
		{66ACCA6E-124B-3442-99DA-C0A1EE5394F9} = {66ACCA6E-124B-3442-99DA-C0A1EE5394F9}
		{2F8BA6EC-4F07-330F-80E3-78CFD74A461D} = {2F8BA6EC-4F07-330F-80E3-78CFD74A461D}
		{45C6D0C0-C7C3-31CB-A284-388640518D9E} = {45C6D0C0-C7C3-31CB-A284-388640518D9E}
	EndProjectSection
EndProject
Project("{8BC9CEB8-8B4A-11D0-8D11-00A0C91BC942}") = "INSTALL", "INSTALL.vcxproj", "{E0358FA2-BA7C-3B0F-BC2E-245B99B8E894}"
	ProjectSection(ProjectDependencies) = postProject
		{F8ED5A64-34D2-3E6E-9A16-C2ABD60BE7B9} = {F8ED5A64-34D2-3E6E-9A16-C2ABD60BE7B9}
		{234A5ADC-A38C-36AA-B5E4-77CC1E01D406} = {234A5ADC-A38C-36AA-B5E4-77CC1E01D406}
	EndProjectSection
EndProject
Project("{8BC9CEB8-8B4A-11D0-8D11-00A0C91BC942}") = "ZERO_CHECK", "ZERO_CHECK.vcxproj", "{234A5ADC-A38C-36AA-B5E4-77CC1E01D406}"
	ProjectSection(ProjectDependencies) = postProject
	EndProjectSection
EndProject
Project("{8BC9CEB8-8B4A-11D0-8D11-00A0C91BC942}") = "arc_run", "arc_run.vcxproj", "{66ACCA6E-124B-3442-99DA-C0A1EE5394F9}"
	ProjectSection(ProjectDependencies) = postProject
		{234A5ADC-A38C-36AA-B5E4-77CC1E01D406} = {234A5ADC-A38C-36AA-B5E4-77CC1E01D406}
	EndProjectSection
EndProject
Project("{8BC9CEB8-8B4A-11D0-8D11-00A0C91BC942}") = "arc_train", "arc_train.vcxproj", "{2F8BA6EC-4F07-330F-80E3-78CFD74A461D}"
	ProjectSection(ProjectDependencies) = postProject
		{234A5ADC-A38C-36AA-B5E4-77CC1E01D406} = {234A5ADC-A38C-36AA-B5E4-77CC1E01D406}
	EndProjectSection
EndProject
Project("{8BC9CEB8-8B4A-11D0-8D11-00A0C91BC942}") = "simple_cuda_test", "simple_cuda_test.vcxproj", "{45C6D0C0-C7C3-31CB-A284-388640518D9E}"
	ProjectSection(ProjectDependencies) = postProject
		{234A5ADC-A38C-36AA-B5E4-77CC1E01D406} = {234A5ADC-A38C-36AA-B5E4-77CC1E01D406}
	EndProjectSection
EndProject
Global
	GlobalSection(SolutionConfigurationPlatforms) = preSolution
		Debug|x64 = Debug|x64
		Release|x64 = Release|x64
		MinSizeRel|x64 = MinSizeRel|x64
		RelWithDebInfo|x64 = RelWithDebInfo|x64
	EndGlobalSection
	GlobalSection(ProjectConfigurationPlatforms) = postSolution
		{F8ED5A64-34D2-3E6E-9A16-C2ABD60BE7B9}.Debug|x64.ActiveCfg = Debug|x64
		{F8ED5A64-34D2-3E6E-9A16-C2ABD60BE7B9}.Debug|x64.Build.0 = Debug|x64
		{F8ED5A64-34D2-3E6E-9A16-C2ABD60BE7B9}.Release|x64.ActiveCfg = Release|x64
		{F8ED5A64-34D2-3E6E-9A16-C2ABD60BE7B9}.Release|x64.Build.0 = Release|x64
		{F8ED5A64-34D2-3E6E-9A16-C2ABD60BE7B9}.MinSizeRel|x64.ActiveCfg = MinSizeRel|x64
		{F8ED5A64-34D2-3E6E-9A16-C2ABD60BE7B9}.MinSizeRel|x64.Build.0 = MinSizeRel|x64
		{F8ED5A64-34D2-3E6E-9A16-C2ABD60BE7B9}.RelWithDebInfo|x64.ActiveCfg = RelWithDebInfo|x64
		{F8ED5A64-34D2-3E6E-9A16-C2ABD60BE7B9}.RelWithDebInfo|x64.Build.0 = RelWithDebInfo|x64
		{E0358FA2-BA7C-3B0F-BC2E-245B99B8E894}.Debug|x64.ActiveCfg = Debug|x64
		{E0358FA2-BA7C-3B0F-BC2E-245B99B8E894}.Release|x64.ActiveCfg = Release|x64
		{E0358FA2-BA7C-3B0F-BC2E-245B99B8E894}.MinSizeRel|x64.ActiveCfg = MinSizeRel|x64
		{E0358FA2-BA7C-3B0F-BC2E-245B99B8E894}.RelWithDebInfo|x64.ActiveCfg = RelWithDebInfo|x64
		{234A5ADC-A38C-36AA-B5E4-77CC1E01D406}.Debug|x64.ActiveCfg = Debug|x64
		{234A5ADC-A38C-36AA-B5E4-77CC1E01D406}.Debug|x64.Build.0 = Debug|x64
		{234A5ADC-A38C-36AA-B5E4-77CC1E01D406}.Release|x64.ActiveCfg = Release|x64
		{234A5ADC-A38C-36AA-B5E4-77CC1E01D406}.Release|x64.Build.0 = Release|x64
		{234A5ADC-A38C-36AA-B5E4-77CC1E01D406}.MinSizeRel|x64.ActiveCfg = MinSizeRel|x64
		{234A5ADC-A38C-36AA-B5E4-77CC1E01D406}.MinSizeRel|x64.Build.0 = MinSizeRel|x64
		{234A5ADC-A38C-36AA-B5E4-77CC1E01D406}.RelWithDebInfo|x64.ActiveCfg = RelWithDebInfo|x64
		{234A5ADC-A38C-36AA-B5E4-77CC1E01D406}.RelWithDebInfo|x64.Build.0 = RelWithDebInfo|x64
		{66ACCA6E-124B-3442-99DA-C0A1EE5394F9}.Debug|x64.ActiveCfg = Debug|x64
		{66ACCA6E-124B-3442-99DA-C0A1EE5394F9}.Debug|x64.Build.0 = Debug|x64
		{66ACCA6E-124B-3442-99DA-C0A1EE5394F9}.Release|x64.ActiveCfg = Release|x64
		{66ACCA6E-124B-3442-99DA-C0A1EE5394F9}.Release|x64.Build.0 = Release|x64
		{66ACCA6E-124B-3442-99DA-C0A1EE5394F9}.MinSizeRel|x64.ActiveCfg = MinSizeRel|x64
		{66ACCA6E-124B-3442-99DA-C0A1EE5394F9}.MinSizeRel|x64.Build.0 = MinSizeRel|x64
		{66ACCA6E-124B-3442-99DA-C0A1EE5394F9}.RelWithDebInfo|x64.ActiveCfg = RelWithDebInfo|x64
		{66ACCA6E-124B-3442-99DA-C0A1EE5394F9}.RelWithDebInfo|x64.Build.0 = RelWithDebInfo|x64
		{2F8BA6EC-4F07-330F-80E3-78CFD74A461D}.Debug|x64.ActiveCfg = Debug|x64
		{2F8BA6EC-4F07-330F-80E3-78CFD74A461D}.Debug|x64.Build.0 = Debug|x64
		{2F8BA6EC-4F07-330F-80E3-78CFD74A461D}.Release|x64.ActiveCfg = Release|x64
		{2F8BA6EC-4F07-330F-80E3-78CFD74A461D}.Release|x64.Build.0 = Release|x64
		{2F8BA6EC-4F07-330F-80E3-78CFD74A461D}.MinSizeRel|x64.ActiveCfg = MinSizeRel|x64
		{2F8BA6EC-4F07-330F-80E3-78CFD74A461D}.MinSizeRel|x64.Build.0 = MinSizeRel|x64
		{2F8BA6EC-4F07-330F-80E3-78CFD74A461D}.RelWithDebInfo|x64.ActiveCfg = RelWithDebInfo|x64
		{2F8BA6EC-4F07-330F-80E3-78CFD74A461D}.RelWithDebInfo|x64.Build.0 = RelWithDebInfo|x64
		{45C6D0C0-C7C3-31CB-A284-388640518D9E}.Debug|x64.ActiveCfg = Debug|x64
		{45C6D0C0-C7C3-31CB-A284-388640518D9E}.Debug|x64.Build.0 = Debug|x64
		{45C6D0C0-C7C3-31CB-A284-388640518D9E}.Release|x64.ActiveCfg = Release|x64
		{45C6D0C0-C7C3-31CB-A284-388640518D9E}.Release|x64.Build.0 = Release|x64
		{45C6D0C0-C7C3-31CB-A284-388640518D9E}.MinSizeRel|x64.ActiveCfg = MinSizeRel|x64
		{45C6D0C0-C7C3-31CB-A284-388640518D9E}.MinSizeRel|x64.Build.0 = MinSizeRel|x64
		{45C6D0C0-C7C3-31CB-A284-388640518D9E}.RelWithDebInfo|x64.ActiveCfg = RelWithDebInfo|x64
		{45C6D0C0-C7C3-31CB-A284-388640518D9E}.RelWithDebInfo|x64.Build.0 = RelWithDebInfo|x64
	EndGlobalSection
	GlobalSection(ExtensibilityGlobals) = postSolution
		SolutionGuid = {9B2AF8F5-CE62-38DC-BC7B-D12DD522E6D1}
	EndGlobalSection
	GlobalSection(ExtensibilityAddIns) = postSolution
	EndGlobalSection
EndGlobal
