
Microsoft Visual Studio Solution File, Format Version 12.00
# Visual Studio Version 17
Project("{8BC9CEB8-8B4A-11D0-8D11-00A0C91BC942}") = "ALL_BUILD", "ALL_BUILD.vcxproj", "{E326B0C4-3885-371B-9350-72C861CCD946}"
	ProjectSection(ProjectDependencies) = postProject
		{80A587FA-EC9F-309D-905F-A9C6731A4E45} = {80A587FA-EC9F-309D-905F-A9C6731A4E45}
		{F51554D5-4E24-31A4-8CCD-9700D5948C78} = {F51554D5-4E24-31A4-8CCD-9700D5948C78}
		{E5E072CB-9289-3F46-90AE-29AA8334CF70} = {E5E072CB-9289-3F46-90AE-29AA8334CF70}
		{D789C152-0AA3-3D44-B929-E71630702189} = {D789C152-0AA3-3D44-B929-E71630702189}
		{43FFE845-351A-3404-B28A-733B0F310E84} = {43FFE845-351A-3404-B28A-733B0F310E84}
	EndProjectSection
EndProject
Project("{8BC9CEB8-8B4A-11D0-8D11-00A0C91BC942}") = "INSTALL", "INSTALL.vcxproj", "{F09144C8-69D4-32A1-92FA-A564892C9CF5}"
	ProjectSection(ProjectDependencies) = postProject
		{E326B0C4-3885-371B-9350-72C861CCD946} = {E326B0C4-3885-371B-9350-72C861CCD946}
		{80A587FA-EC9F-309D-905F-A9C6731A4E45} = {80A587FA-EC9F-309D-905F-A9C6731A4E45}
	EndProjectSection
EndProject
Project("{8BC9CEB8-8B4A-11D0-8D11-00A0C91BC942}") = "ZERO_CHECK", "ZERO_CHECK.vcxproj", "{80A587FA-EC9F-309D-905F-A9C6731A4E45}"
	ProjectSection(ProjectDependencies) = postProject
	EndProjectSection
EndProject
Project("{8BC9CEB8-8B4A-11D0-8D11-00A0C91BC942}") = "data_preprocess", "data_preprocess.vcxproj", "{F51554D5-4E24-31A4-8CCD-9700D5948C78}"
	ProjectSection(ProjectDependencies) = postProject
		{80A587FA-EC9F-309D-905F-A9C6731A4E45} = {80A587FA-EC9F-309D-905F-A9C6731A4E45}
	EndProjectSection
EndProject
Project("{8BC9CEB8-8B4A-11D0-8D11-00A0C91BC942}") = "lightwatch_run", "lightwatch_run.vcxproj", "{E5E072CB-9289-3F46-90AE-29AA8334CF70}"
	ProjectSection(ProjectDependencies) = postProject
		{80A587FA-EC9F-309D-905F-A9C6731A4E45} = {80A587FA-EC9F-309D-905F-A9C6731A4E45}
	EndProjectSection
EndProject
Project("{8BC9CEB8-8B4A-11D0-8D11-00A0C91BC942}") = "lightwatch_train", "lightwatch_train.vcxproj", "{D789C152-0AA3-3D44-B929-E71630702189}"
	ProjectSection(ProjectDependencies) = postProject
		{80A587FA-EC9F-309D-905F-A9C6731A4E45} = {80A587FA-EC9F-309D-905F-A9C6731A4E45}
	EndProjectSection
EndProject
Project("{8BC9CEB8-8B4A-11D0-8D11-00A0C91BC942}") = "simple_cuda_test", "simple_cuda_test.vcxproj", "{43FFE845-351A-3404-B28A-733B0F310E84}"
	ProjectSection(ProjectDependencies) = postProject
		{80A587FA-EC9F-309D-905F-A9C6731A4E45} = {80A587FA-EC9F-309D-905F-A9C6731A4E45}
	EndProjectSection
EndProject
Global
	GlobalSection(SolutionConfigurationPlatforms) = preSolution
		Debug|x64 = Debug|x64
		Release|x64 = Release|x64
		MinSizeRel|x64 = MinSizeRel|x64
		RelWithDebInfo|x64 = RelWithDebInfo|x64
	EndGlobalSection
	GlobalSection(ProjectConfigurationPlatforms) = postSolution
		{E326B0C4-3885-371B-9350-72C861CCD946}.Debug|x64.ActiveCfg = Debug|x64
		{E326B0C4-3885-371B-9350-72C861CCD946}.Debug|x64.Build.0 = Debug|x64
		{E326B0C4-3885-371B-9350-72C861CCD946}.Release|x64.ActiveCfg = Release|x64
		{E326B0C4-3885-371B-9350-72C861CCD946}.Release|x64.Build.0 = Release|x64
		{E326B0C4-3885-371B-9350-72C861CCD946}.MinSizeRel|x64.ActiveCfg = MinSizeRel|x64
		{E326B0C4-3885-371B-9350-72C861CCD946}.MinSizeRel|x64.Build.0 = MinSizeRel|x64
		{E326B0C4-3885-371B-9350-72C861CCD946}.RelWithDebInfo|x64.ActiveCfg = RelWithDebInfo|x64
		{E326B0C4-3885-371B-9350-72C861CCD946}.RelWithDebInfo|x64.Build.0 = RelWithDebInfo|x64
		{F09144C8-69D4-32A1-92FA-A564892C9CF5}.Debug|x64.ActiveCfg = Debug|x64
		{F09144C8-69D4-32A1-92FA-A564892C9CF5}.Release|x64.ActiveCfg = Release|x64
		{F09144C8-69D4-32A1-92FA-A564892C9CF5}.MinSizeRel|x64.ActiveCfg = MinSizeRel|x64
		{F09144C8-69D4-32A1-92FA-A564892C9CF5}.RelWithDebInfo|x64.ActiveCfg = RelWithDebInfo|x64
		{80A587FA-EC9F-309D-905F-A9C6731A4E45}.Debug|x64.ActiveCfg = Debug|x64
		{80A587FA-EC9F-309D-905F-A9C6731A4E45}.Debug|x64.Build.0 = Debug|x64
		{80A587FA-EC9F-309D-905F-A9C6731A4E45}.Release|x64.ActiveCfg = Release|x64
		{80A587FA-EC9F-309D-905F-A9C6731A4E45}.Release|x64.Build.0 = Release|x64
		{80A587FA-EC9F-309D-905F-A9C6731A4E45}.MinSizeRel|x64.ActiveCfg = MinSizeRel|x64
		{80A587FA-EC9F-309D-905F-A9C6731A4E45}.MinSizeRel|x64.Build.0 = MinSizeRel|x64
		{80A587FA-EC9F-309D-905F-A9C6731A4E45}.RelWithDebInfo|x64.ActiveCfg = RelWithDebInfo|x64
		{80A587FA-EC9F-309D-905F-A9C6731A4E45}.RelWithDebInfo|x64.Build.0 = RelWithDebInfo|x64
		{F51554D5-4E24-31A4-8CCD-9700D5948C78}.Debug|x64.ActiveCfg = Debug|x64
		{F51554D5-4E24-31A4-8CCD-9700D5948C78}.Debug|x64.Build.0 = Debug|x64
		{F51554D5-4E24-31A4-8CCD-9700D5948C78}.Release|x64.ActiveCfg = Release|x64
		{F51554D5-4E24-31A4-8CCD-9700D5948C78}.Release|x64.Build.0 = Release|x64
		{F51554D5-4E24-31A4-8CCD-9700D5948C78}.MinSizeRel|x64.ActiveCfg = MinSizeRel|x64
		{F51554D5-4E24-31A4-8CCD-9700D5948C78}.MinSizeRel|x64.Build.0 = MinSizeRel|x64
		{F51554D5-4E24-31A4-8CCD-9700D5948C78}.RelWithDebInfo|x64.ActiveCfg = RelWithDebInfo|x64
		{F51554D5-4E24-31A4-8CCD-9700D5948C78}.RelWithDebInfo|x64.Build.0 = RelWithDebInfo|x64
		{E5E072CB-9289-3F46-90AE-29AA8334CF70}.Debug|x64.ActiveCfg = Debug|x64
		{E5E072CB-9289-3F46-90AE-29AA8334CF70}.Debug|x64.Build.0 = Debug|x64
		{E5E072CB-9289-3F46-90AE-29AA8334CF70}.Release|x64.ActiveCfg = Release|x64
		{E5E072CB-9289-3F46-90AE-29AA8334CF70}.Release|x64.Build.0 = Release|x64
		{E5E072CB-9289-3F46-90AE-29AA8334CF70}.MinSizeRel|x64.ActiveCfg = MinSizeRel|x64
		{E5E072CB-9289-3F46-90AE-29AA8334CF70}.MinSizeRel|x64.Build.0 = MinSizeRel|x64
		{E5E072CB-9289-3F46-90AE-29AA8334CF70}.RelWithDebInfo|x64.ActiveCfg = RelWithDebInfo|x64
		{E5E072CB-9289-3F46-90AE-29AA8334CF70}.RelWithDebInfo|x64.Build.0 = RelWithDebInfo|x64
		{D789C152-0AA3-3D44-B929-E71630702189}.Debug|x64.ActiveCfg = Debug|x64
		{D789C152-0AA3-3D44-B929-E71630702189}.Debug|x64.Build.0 = Debug|x64
		{D789C152-0AA3-3D44-B929-E71630702189}.Release|x64.ActiveCfg = Release|x64
		{D789C152-0AA3-3D44-B929-E71630702189}.Release|x64.Build.0 = Release|x64
		{D789C152-0AA3-3D44-B929-E71630702189}.MinSizeRel|x64.ActiveCfg = MinSizeRel|x64
		{D789C152-0AA3-3D44-B929-E71630702189}.MinSizeRel|x64.Build.0 = MinSizeRel|x64
		{D789C152-0AA3-3D44-B929-E71630702189}.RelWithDebInfo|x64.ActiveCfg = RelWithDebInfo|x64
		{D789C152-0AA3-3D44-B929-E71630702189}.RelWithDebInfo|x64.Build.0 = RelWithDebInfo|x64
		{43FFE845-351A-3404-B28A-733B0F310E84}.Debug|x64.ActiveCfg = Debug|x64
		{43FFE845-351A-3404-B28A-733B0F310E84}.Debug|x64.Build.0 = Debug|x64
		{43FFE845-351A-3404-B28A-733B0F310E84}.Release|x64.ActiveCfg = Release|x64
		{43FFE845-351A-3404-B28A-733B0F310E84}.Release|x64.Build.0 = Release|x64
		{43FFE845-351A-3404-B28A-733B0F310E84}.MinSizeRel|x64.ActiveCfg = MinSizeRel|x64
		{43FFE845-351A-3404-B28A-733B0F310E84}.MinSizeRel|x64.Build.0 = MinSizeRel|x64
		{43FFE845-351A-3404-B28A-733B0F310E84}.RelWithDebInfo|x64.ActiveCfg = RelWithDebInfo|x64
		{43FFE845-351A-3404-B28A-733B0F310E84}.RelWithDebInfo|x64.Build.0 = RelWithDebInfo|x64
	EndGlobalSection
	GlobalSection(ExtensibilityGlobals) = postSolution
		SolutionGuid = {AC57FF3C-22EA-3602-9F61-18CFC639A864}
	EndGlobalSection
	GlobalSection(ExtensibilityAddIns) = postSolution
	EndGlobalSection
EndGlobal
